{
  "requires": true,
  "lockfileVersion": 1,
  "dependencies": {
    "@azure/msal-browser": {
      "version": "4.13.0",
      "resolved": "https://registry.npmjs.org/@azure/msal-browser/-/msal-browser-4.13.0.tgz",
      "integrity": "sha512-n2ySryLd+wHmm/0Y1mwFI4J9UXVCu2DeWKtoWNWLVcpvK2k0Ez1qIigKleUm2ZfTbfAXdue+V8htmFft0qgyGQ==",
      "requires": {
        "@azure/msal-common": "15.7.0"
      }
    },
    "@azure/msal-common": {
      "version": "15.7.0",
      "resolved": "https://registry.npmjs.org/@azure/msal-common/-/msal-common-15.7.0.tgz",
      "integrity": "sha512-m9M5hoFoxhe/HlXNVa4qBHekrX60CVPkWzsjhKQGuzw/OPOmurosKRPDIMn8fug/E1hHI5v33DvT1LVJfItjcg=="
    }
  }
}
